
Microsoft Visual Studio Solution File, Format Version 12.00
Project("{FAE04EC0-301F-11D3-BF4B-00C04F79EFBC}") = "TestPS3", "TestPS3\TestPS3.csproj", "{62179FAE-7C9C-40FF-A821-615B2ED0A805}"
EndProject
Project("{FAE04EC0-301F-11D3-BF4B-00C04F79EFBC}") = "BTreeTests", "BTreeTests\BTreeTests.csproj", "{B33FF0F7-C084-4823-AE93-D4069EBBC882}"
EndProject
Global
	GlobalSection(SolutionConfigurationPlatforms) = preSolution
		Debug|Any CPU = Debug|Any CPU
		Release|Any CPU = Release|Any CPU
	EndGlobalSection
	GlobalSection(ProjectConfigurationPlatforms) = postSolution
		{62179FAE-7C9C-40FF-A821-615B2ED0A805}.Debug|Any CPU.ActiveCfg = Debug|Any CPU
		{62179FAE-7C9C-40FF-A821-615B2ED0A805}.Debug|Any CPU.Build.0 = Debug|Any CPU
		{62179FAE-7C9C-40FF-A821-615B2ED0A805}.Release|Any CPU.ActiveCfg = Release|Any CPU
		{62179FAE-7C9C-40FF-A821-615B2ED0A805}.Release|Any CPU.Build.0 = Release|Any CPU
		{B33FF0F7-C084-4823-AE93-D4069EBBC882}.Debug|Any CPU.ActiveCfg = Debug|Any CPU
		{B33FF0F7-C084-4823-AE93-D4069EBBC882}.Debug|Any CPU.Build.0 = Debug|Any CPU
		{B33FF0F7-C084-4823-AE93-D4069EBBC882}.Release|Any CPU.ActiveCfg = Release|Any CPU
		{B33FF0F7-C084-4823-AE93-D4069EBBC882}.Release|Any CPU.Build.0 = Release|Any CPU
	EndGlobalSection
EndGlobal
